{
  "name": "auraenabledscanner",
  "version": "1.0.0",
  "lockfileVersion": 1,
  "requires": true,
  "dependencies": {
    "fs": {
      "version": "0.0.1-security",
      "resolved": "https://registry.npmjs.org/fs/-/fs-0.0.1-security.tgz",
      "integrity": "sha1-invTcYa23d84E/I4WLV+yq9eQdQ="
    },
    "jfile": {
      "version": "1.1.12",
      "resolved": "https://registry.npmjs.org/jfile/-/jfile-1.1.12.tgz",
      "integrity": "sha1-lQlqi1W76KdF7yP6V3DIF9EmhK4="
    }
  }
}
